// !$*UTF8*$!
{
	archiveVersion = 1;
	classes = {
	};
	objectVersion = 77;
	objects = {

/* Begin PBXBuildFile section */
		07C1FD4B1F86E9C7A3DF88FC /* Pods_Polynal_PolynalUITests.framework in Frameworks */ = {isa = PBXBuildFile; fileRef = 57925BF6FC2AF3BCBDAD9E6B /* Pods_Polynal_PolynalUITests.framework */; };
		AA410BEDA6C3959E3CFF2CB7 /* Pods_Polynal.framework in Frameworks */ = {isa = PBXBuildFile; fileRef = 241FAE84F2E0106D2DA5BFFD /* Pods_Polynal.framework */; };
		E83A3E45987259364B9B4BA5 /* Pods_PolynalTests.framework in Frameworks */ = {isa = PBXBuildFile; fileRef = AE313040AE22769ADBCCA36A /* Pods_PolynalTests.framework */; };
/* End PBXBuildFile section */

/* Begin PBXContainerItemProxy section */
		25E78B9F2D1BE343002FAD8C /* PBXContainerItemProxy */ = {
			isa = PBXContainerItemProxy;
			containerPortal = 25E78B862D1BE342002FAD8C /* Project object */;
			proxyType = 1;
			remoteGlobalIDString = 25E78B8D2D1BE342002FAD8C;
			remoteInfo = Polynal;
		};
		25E78BA92D1BE343002FAD8C /* PBXContainerItemProxy */ = {
			isa = PBXContainerItemProxy;
			containerPortal = 25E78B862D1BE342002FAD8C /* Project object */;
			proxyType = 1;
			remoteGlobalIDString = 25E78B8D2D1BE342002FAD8C;
			remoteInfo = Polynal;
		};
/* End PBXContainerItemProxy section */

/* Begin PBXFileReference section */
		0D031D8EC5A46A61C31D9927 /* Pods-Polynal-PolynalUITests.release.xcconfig */ = {isa = PBXFileReference; includeInIndex = 1; lastKnownFileType = text.xcconfig; name = "Pods-Polynal-PolynalUITests.release.xcconfig"; path = "Target Support Files/Pods-Polynal-PolynalUITests/Pods-Polynal-PolynalUITests.release.xcconfig"; sourceTree = "<group>"; };
		2191996FED5F85BD74F02CC1 /* Pods-PolynalTests.release.xcconfig */ = {isa = PBXFileReference; includeInIndex = 1; lastKnownFileType = text.xcconfig; name = "Pods-PolynalTests.release.xcconfig"; path = "Target Support Files/Pods-PolynalTests/Pods-PolynalTests.release.xcconfig"; sourceTree = "<group>"; };
		241FAE84F2E0106D2DA5BFFD /* Pods_Polynal.framework */ = {isa = PBXFileReference; explicitFileType = wrapper.framework; includeInIndex = 0; path = Pods_Polynal.framework; sourceTree = BUILT_PRODUCTS_DIR; };
		25E78B8E2D1BE342002FAD8C /* Polynal.app */ = {isa = PBXFileReference; explicitFileType = wrapper.application; includeInIndex = 0; path = Polynal.app; sourceTree = BUILT_PRODUCTS_DIR; };
		25E78B9E2D1BE343002FAD8C /* PolynalTests.xctest */ = {isa = PBXFileReference; explicitFileType = wrapper.cfbundle; includeInIndex = 0; path = PolynalTests.xctest; sourceTree = BUILT_PRODUCTS_DIR; };
		25E78BA82D1BE343002FAD8C /* PolynalUITests.xctest */ = {isa = PBXFileReference; explicitFileType = wrapper.cfbundle; includeInIndex = 0; path = PolynalUITests.xctest; sourceTree = BUILT_PRODUCTS_DIR; };
		3A88B0C353745DBE9081149A /* Pods-PolynalTests.debug.xcconfig */ = {isa = PBXFileReference; includeInIndex = 1; lastKnownFileType = text.xcconfig; name = "Pods-PolynalTests.debug.xcconfig"; path = "Target Support Files/Pods-PolynalTests/Pods-PolynalTests.debug.xcconfig"; sourceTree = "<group>"; };
		4A3DB47A9B47D8D3EF7F3F18 /* Pods-Polynal.debug.xcconfig */ = {isa = PBXFileReference; includeInIndex = 1; lastKnownFileType = text.xcconfig; name = "Pods-Polynal.debug.xcconfig"; path = "Target Support Files/Pods-Polynal/Pods-Polynal.debug.xcconfig"; sourceTree = "<group>"; };
		57925BF6FC2AF3BCBDAD9E6B /* Pods_Polynal_PolynalUITests.framework */ = {isa = PBXFileReference; explicitFileType = wrapper.framework; includeInIndex = 0; path = Pods_Polynal_PolynalUITests.framework; sourceTree = BUILT_PRODUCTS_DIR; };
		719496646E1912A56B180E01 /* Pods-Polynal-PolynalUITests.debug.xcconfig */ = {isa = PBXFileReference; includeInIndex = 1; lastKnownFileType = text.xcconfig; name = "Pods-Polynal-PolynalUITests.debug.xcconfig"; path = "Target Support Files/Pods-Polynal-PolynalUITests/Pods-Polynal-PolynalUITests.debug.xcconfig"; sourceTree = "<group>"; };
		AE313040AE22769ADBCCA36A /* Pods_PolynalTests.framework */ = {isa = PBXFileReference; explicitFileType = wrapper.framework; includeInIndex = 0; path = Pods_PolynalTests.framework; sourceTree = BUILT_PRODUCTS_DIR; };
		FF22080C14CE68F8C7EC0783 /* Pods-Polynal.release.xcconfig */ = {isa = PBXFileReference; includeInIndex = 1; lastKnownFileType = text.xcconfig; name = "Pods-Polynal.release.xcconfig"; path = "Target Support Files/Pods-Polynal/Pods-Polynal.release.xcconfig"; sourceTree = "<group>"; };
/* End PBXFileReference section */

/* Begin PBXFileSystemSynchronizedRootGroup section */
		25E78B902D1BE342002FAD8C /* Polynal */ = {
			isa = PBXFileSystemSynchronizedRootGroup;
			path = Polynal;
			sourceTree = "<group>";
		};
		25E78BA12D1BE343002FAD8C /* PolynalTests */ = {
			isa = PBXFileSystemSynchronizedRootGroup;
			path = PolynalTests;
			sourceTree = "<group>";
		};
		25E78BAB2D1BE343002FAD8C /* PolynalUITests */ = {
			isa = PBXFileSystemSynchronizedRootGroup;
			path = PolynalUITests;
			sourceTree = "<group>";
		};
/* End PBXFileSystemSynchronizedRootGroup section */

/* Begin PBXFrameworksBuildPhase section */
		25E78B8B2D1BE342002FAD8C /* Frameworks */ = {
			isa = PBXFrameworksBuildPhase;
			buildActionMask = 2147483647;
			files = (
				AA410BEDA6C3959E3CFF2CB7 /* Pods_Polynal.framework in Frameworks */,
			);
			runOnlyForDeploymentPostprocessing = 0;
		};
		25E78B9B2D1BE343002FAD8C /* Frameworks */ = {
			isa = PBXFrameworksBuildPhase;
			buildActionMask = 2147483647;
			files = (
				E83A3E45987259364B9B4BA5 /* Pods_PolynalTests.framework in Frameworks */,
			);
			runOnlyForDeploymentPostprocessing = 0;
		};
		25E78BA52D1BE343002FAD8C /* Frameworks */ = {
			isa = PBXFrameworksBuildPhase;
			buildActionMask = 2147483647;
			files = (
				07C1FD4B1F86E9C7A3DF88FC /* Pods_Polynal_PolynalUITests.framework in Frameworks */,
			);
			runOnlyForDeploymentPostprocessing = 0;
		};
/* End PBXFrameworksBuildPhase section */

/* Begin PBXGroup section */
		25E78B852D1BE342002FAD8C = {
			isa = PBXGroup;
			children = (
				25E78B902D1BE342002FAD8C /* Polynal */,
				25E78BA12D1BE343002FAD8C /* PolynalTests */,
				25E78BAB2D1BE343002FAD8C /* PolynalUITests */,
				25E78B8F2D1BE342002FAD8C /* Products */,
				9AE7C0FFA2F50FA8EC4EAC53 /* Pods */,
				BEEDADFE137AF5B576CF35BD /* Frameworks */,
			);
			sourceTree = "<group>";
		};
		25E78B8F2D1BE342002FAD8C /* Products */ = {
			isa = PBXGroup;
			children = (
				25E78B8E2D1BE342002FAD8C /* Polynal.app */,
				25E78B9E2D1BE343002FAD8C /* PolynalTests.xctest */,
				25E78BA82D1BE343002FAD8C /* PolynalUITests.xctest */,
			);
			name = Products;
			sourceTree = "<group>";
		};
		9AE7C0FFA2F50FA8EC4EAC53 /* Pods */ = {
			isa = PBXGroup;
			children = (
				4A3DB47A9B47D8D3EF7F3F18 /* Pods-Polynal.debug.xcconfig */,
				FF22080C14CE68F8C7EC0783 /* Pods-Polynal.release.xcconfig */,
				719496646E1912A56B180E01 /* Pods-Polynal-PolynalUITests.debug.xcconfig */,
				0D031D8EC5A46A61C31D9927 /* Pods-Polynal-PolynalUITests.release.xcconfig */,
				3A88B0C353745DBE9081149A /* Pods-PolynalTests.debug.xcconfig */,
				2191996FED5F85BD74F02CC1 /* Pods-PolynalTests.release.xcconfig */,
			);
			path = Pods;
			sourceTree = "<group>";
		};
		BEEDADFE137AF5B576CF35BD /* Frameworks */ = {
			isa = PBXGroup;
			children = (
				241FAE84F2E0106D2DA5BFFD /* Pods_Polynal.framework */,
				57925BF6FC2AF3BCBDAD9E6B /* Pods_Polynal_PolynalUITests.framework */,
				AE313040AE22769ADBCCA36A /* Pods_PolynalTests.framework */,
			);
			name = Frameworks;
			sourceTree = "<group>";
		};
/* End PBXGroup section */

/* Begin PBXNativeTarget section */
		25E78B8D2D1BE342002FAD8C /* Polynal */ = {
			isa = PBXNativeTarget;
			buildConfigurationList = 25E78BB22D1BE343002FAD8C /* Build configuration list for PBXNativeTarget "Polynal" */;
			buildPhases = (
				5A56B6FA8D7D604B4FA5711B /* [CP] Check Pods Manifest.lock */,
				25E78B8A2D1BE342002FAD8C /* Sources */,
				25E78B8B2D1BE342002FAD8C /* Frameworks */,
				25E78B8C2D1BE342002FAD8C /* Resources */,
				D0FF968D27AEEE3B58FA653F /* [CP] Embed Pods Frameworks */,
			);
			buildRules = (
			);
			dependencies = (
			);
			fileSystemSynchronizedGroups = (
				25E78B902D1BE342002FAD8C /* Polynal */,
			);
			name = Polynal;
			productName = Polynal;
			productReference = 25E78B8E2D1BE342002FAD8C /* Polynal.app */;
			productType = "com.apple.product-type.application";
		};
		25E78B9D2D1BE343002FAD8C /* PolynalTests */ = {
			isa = PBXNativeTarget;
			buildConfigurationList = 25E78BB52D1BE343002FAD8C /* Build configuration list for PBXNativeTarget "PolynalTests" */;
			buildPhases = (
				1222C0E1B15EAAB0500661FF /* [CP] Check Pods Manifest.lock */,
				25E78B9A2D1BE343002FAD8C /* Sources */,
				25E78B9B2D1BE343002FAD8C /* Frameworks */,
				25E78B9C2D1BE343002FAD8C /* Resources */,
			);
			buildRules = (
			);
			dependencies = (
				25E78BA02D1BE343002FAD8C /* PBXTargetDependency */,
			);
			fileSystemSynchronizedGroups = (
				25E78BA12D1BE343002FAD8C /* PolynalTests */,
			);
			name = PolynalTests;
			productName = PolynalTests;
			productReference = 25E78B9E2D1BE343002FAD8C /* PolynalTests.xctest */;
			productType = "com.apple.product-type.bundle.unit-test";
		};
		25E78BA72D1BE343002FAD8C /* PolynalUITests */ = {
			isa = PBXNativeTarget;
			buildConfigurationList = 25E78BB82D1BE343002FAD8C /* Build configuration list for PBXNativeTarget "PolynalUITests" */;
			buildPhases = (
				0D5EC8FE80E121F3E5A8740F /* [CP] Check Pods Manifest.lock */,
				25E78BA42D1BE343002FAD8C /* Sources */,
				25E78BA52D1BE343002FAD8C /* Frameworks */,
				25E78BA62D1BE343002FAD8C /* Resources */,
				60E0DE3259802C52361774F8 /* [CP] Embed Pods Frameworks */,
			);
			buildRules = (
			);
			dependencies = (
				25E78BAA2D1BE343002FAD8C /* PBXTargetDependency */,
			);
			fileSystemSynchronizedGroups = (
				25E78BAB2D1BE343002FAD8C /* PolynalUITests */,
			);
			name = PolynalUITests;
			productName = PolynalUITests;
			productReference = 25E78BA82D1BE343002FAD8C /* PolynalUITests.xctest */;
			productType = "com.apple.product-type.bundle.ui-testing";
		};
/* End PBXNativeTarget section */

/* Begin PBXProject section */
		25E78B862D1BE342002FAD8C /* Project object */ = {
			isa = PBXProject;
			attributes = {
				BuildIndependentTargetsInParallel = 1;
				LastSwiftUpdateCheck = 1620;
				LastUpgradeCheck = 1620;
				TargetAttributes = {
					25E78B8D2D1BE342002FAD8C = {
						CreatedOnToolsVersion = 16.2;
					};
					25E78B9D2D1BE343002FAD8C = {
						CreatedOnToolsVersion = 16.2;
						TestTargetID = 25E78B8D2D1BE342002FAD8C;
					};
					25E78BA72D1BE343002FAD8C = {
						CreatedOnToolsVersion = 16.2;
						TestTargetID = 25E78B8D2D1BE342002FAD8C;
					};
				};
			};
			buildConfigurationList = 25E78B892D1BE342002FAD8C /* Build configuration list for PBXProject "Polynal" */;
			developmentRegion = en;
			hasScannedForEncodings = 0;
			knownRegions = (
				en,
				Base,
			);
			mainGroup = 25E78B852D1BE342002FAD8C;
			minimizedProjectReferenceProxies = 1;
			preferredProjectObjectVersion = 77;
			productRefGroup = 25E78B8F2D1BE342002FAD8C /* Products */;
			projectDirPath = "";
			projectRoot = "";
			targets = (
				25E78B8D2D1BE342002FAD8C /* Polynal */,
				25E78B9D2D1BE343002FAD8C /* PolynalTests */,
				25E78BA72D1BE343002FAD8C /* PolynalUITests */,
			);
		};
/* End PBXProject section */

/* Begin PBXResourcesBuildPhase section */
		25E78B8C2D1BE342002FAD8C /* Resources */ = {
			isa = PBXResourcesBuildPhase;
			buildActionMask = 2147483647;
			files = (
			);
			runOnlyForDeploymentPostprocessing = 0;
		};
		25E78B9C2D1BE343002FAD8C /* Resources */ = {
			isa = PBXResourcesBuildPhase;
			buildActionMask = 2147483647;
			files = (
			);
			runOnlyForDeploymentPostprocessing = 0;
		};
		25E78BA62D1BE343002FAD8C /* Resources */ = {
			isa = PBXResourcesBuildPhase;
			buildActionMask = 2147483647;
			files = (
			);
			runOnlyForDeploymentPostprocessing = 0;
		};
/* End PBXResourcesBuildPhase section */

/* Begin PBXShellScriptBuildPhase section */
		0D5EC8FE80E121F3E5A8740F /* [CP] Check Pods Manifest.lock */ = {
			isa = PBXShellScriptBuildPhase;
			buildActionMask = 2147483647;
			files = (
			);
			inputFileListPaths = (
			);
			inputPaths = (
				"${PODS_PODFILE_DIR_PATH}/Podfile.lock",
				"${PODS_ROOT}/Manifest.lock",
			);
			name = "[CP] Check Pods Manifest.lock";
			outputFileListPaths = (
			);
			outputPaths = (
				"$(DERIVED_FILE_DIR)/Pods-Polynal-PolynalUITests-checkManifestLockResult.txt",
			);
			runOnlyForDeploymentPostprocessing = 0;
			shellPath = /bin/sh;
			shellScript = "diff \"${PODS_PODFILE_DIR_PATH}/Podfile.lock\" \"${PODS_ROOT}/Manifest.lock\" > /dev/null\nif [ $? != 0 ] ; then\n    # print error to STDERR\n    echo \"error: The sandbox is not in sync with the Podfile.lock. Run 'pod install' or update your CocoaPods installation.\" >&2\n    exit 1\nfi\n# This output is used by Xcode 'outputs' to avoid re-running this script phase.\necho \"SUCCESS\" > \"${SCRIPT_OUTPUT_FILE_0}\"\n";
			showEnvVarsInLog = 0;
		};
		1222C0E1B15EAAB0500661FF /* [CP] Check Pods Manifest.lock */ = {
			isa = PBXShellScriptBuildPhase;
			buildActionMask = 2147483647;
			files = (
			);
			inputFileListPaths = (
			);
			inputPaths = (
				"${PODS_PODFILE_DIR_PATH}/Podfile.lock",
				"${PODS_ROOT}/Manifest.lock",
			);
			name = "[CP] Check Pods Manifest.lock";
			outputFileListPaths = (
			);
			outputPaths = (
				"$(DERIVED_FILE_DIR)/Pods-PolynalTests-checkManifestLockResult.txt",
			);
			runOnlyForDeploymentPostprocessing = 0;
			shellPath = /bin/sh;
			shellScript = "diff \"${PODS_PODFILE_DIR_PATH}/Podfile.lock\" \"${PODS_ROOT}/Manifest.lock\" > /dev/null\nif [ $? != 0 ] ; then\n    # print error to STDERR\n    echo \"error: The sandbox is not in sync with the Podfile.lock. Run 'pod install' or update your CocoaPods installation.\" >&2\n    exit 1\nfi\n# This output is used by Xcode 'outputs' to avoid re-running this script phase.\necho \"SUCCESS\" > \"${SCRIPT_OUTPUT_FILE_0}\"\n";
			showEnvVarsInLog = 0;
		};
		5A56B6FA8D7D604B4FA5711B /* [CP] Check Pods Manifest.lock */ = {
			isa = PBXShellScriptBuildPhase;
			buildActionMask = 2147483647;
			files = (
			);
			inputFileListPaths = (
			);
			inputPaths = (
				"${PODS_PODFILE_DIR_PATH}/Podfile.lock",
				"${PODS_ROOT}/Manifest.lock",
			);
			name = "[CP] Check Pods Manifest.lock";
			outputFileListPaths = (
			);
			outputPaths = (
				"$(DERIVED_FILE_DIR)/Pods-Polynal-checkManifestLockResult.txt",
			);
			runOnlyForDeploymentPostprocessing = 0;
			shellPath = /bin/sh;
			shellScript = "diff \"${PODS_PODFILE_DIR_PATH}/Podfile.lock\" \"${PODS_ROOT}/Manifest.lock\" > /dev/null\nif [ $? != 0 ] ; then\n    # print error to STDERR\n    echo \"error: The sandbox is not in sync with the Podfile.lock. Run 'pod install' or update your CocoaPods installation.\" >&2\n    exit 1\nfi\n# This output is used by Xcode 'outputs' to avoid re-running this script phase.\necho \"SUCCESS\" > \"${SCRIPT_OUTPUT_FILE_0}\"\n";
			showEnvVarsInLog = 0;
		};
		60E0DE3259802C52361774F8 /* [CP] Embed Pods Frameworks */ = {
			isa = PBXShellScriptBuildPhase;
			buildActionMask = 2147483647;
			files = (
			);
			inputFileListPaths = (
				"${PODS_ROOT}/Target Support Files/Pods-Polynal-PolynalUITests/Pods-Polynal-PolynalUITests-frameworks-${CONFIGURATION}-input-files.xcfilelist",
			);
			name = "[CP] Embed Pods Frameworks";
			outputFileListPaths = (
				"${PODS_ROOT}/Target Support Files/Pods-Polynal-PolynalUITests/Pods-Polynal-PolynalUITests-frameworks-${CONFIGURATION}-output-files.xcfilelist",
			);
			runOnlyForDeploymentPostprocessing = 0;
			shellPath = /bin/sh;
			shellScript = "\"${PODS_ROOT}/Target Support Files/Pods-Polynal-PolynalUITests/Pods-Polynal-PolynalUITests-frameworks.sh\"\n";
			showEnvVarsInLog = 0;
		};
		D0FF968D27AEEE3B58FA653F /* [CP] Embed Pods Frameworks */ = {
			isa = PBXShellScriptBuildPhase;
			buildActionMask = 2147483647;
			files = (
			);
			inputFileListPaths = (
				"${PODS_ROOT}/Target Support Files/Pods-Polynal/Pods-Polynal-frameworks-${CONFIGURATION}-input-files.xcfilelist",
			);
			name = "[CP] Embed Pods Frameworks";
			outputFileListPaths = (
				"${PODS_ROOT}/Target Support Files/Pods-Polynal/Pods-Polynal-frameworks-${CONFIGURATION}-output-files.xcfilelist",
			);
			runOnlyForDeploymentPostprocessing = 0;
			shellPath = /bin/sh;
			shellScript = "\"${PODS_ROOT}/Target Support Files/Pods-Polynal/Pods-Polynal-frameworks.sh\"\n";
			showEnvVarsInLog = 0;
		};
/* End PBXShellScriptBuildPhase section */

/* Begin PBXSourcesBuildPhase section */
		25E78B8A2D1BE342002FAD8C /* Sources */ = {
			isa = PBXSourcesBuildPhase;
			buildActionMask = 2147483647;
			files = (
			);
			runOnlyForDeploymentPostprocessing = 0;
		};
		25E78B9A2D1BE343002FAD8C /* Sources */ = {
			isa = PBXSourcesBuildPhase;
			buildActionMask = 2147483647;
			files = (
			);
			runOnlyForDeploymentPostprocessing = 0;
		};
		25E78BA42D1BE343002FAD8C /* Sources */ = {
			isa = PBXSourcesBuildPhase;
			buildActionMask = 2147483647;
			files = (
			);
			runOnlyForDeploymentPostprocessing = 0;
		};
/* End PBXSourcesBuildPhase section */

/* Begin PBXTargetDependency section */
		25E78BA02D1BE343002FAD8C /* PBXTargetDependency */ = {
			isa = PBXTargetDependency;
			target = 25E78B8D2D1BE342002FAD8C /* Polynal */;
			targetProxy = 25E78B9F2D1BE343002FAD8C /* PBXContainerItemProxy */;
		};
		25E78BAA2D1BE343002FAD8C /* PBXTargetDependency */ = {
			isa = PBXTargetDependency;
			target = 25E78B8D2D1BE342002FAD8C /* Polynal */;
			targetProxy = 25E78BA92D1BE343002FAD8C /* PBXContainerItemProxy */;
		};
/* End PBXTargetDependency section */

/* Begin XCBuildConfiguration section */
		25E78BB02D1BE343002FAD8C /* Debug */ = {
			isa = XCBuildConfiguration;
			buildSettings = {
				ALWAYS_SEARCH_USER_PATHS = NO;
				ASSETCATALOG_COMPILER_GENERATE_SWIFT_ASSET_SYMBOL_EXTENSIONS = YES;
				CLANG_ANALYZER_NONNULL = YES;
				CLANG_ANALYZER_NUMBER_OBJECT_CONVERSION = YES_AGGRESSIVE;
				CLANG_CXX_LANGUAGE_STANDARD = "gnu++20";
				CLANG_ENABLE_MODULES = YES;
				CLANG_ENABLE_OBJC_ARC = YES;
				CLANG_ENABLE_OBJC_WEAK = YES;
				CLANG_WARN_BLOCK_CAPTURE_AUTORELEASING = YES;
				CLANG_WARN_BOOL_CONVERSION = YES;
				CLANG_WARN_COMMA = YES;
				CLANG_WARN_CONSTANT_CONVERSION = YES;
				CLANG_WARN_DEPRECATED_OBJC_IMPLEMENTATIONS = YES;
				CLANG_WARN_DIRECT_OBJC_ISA_USAGE = YES_ERROR;
				CLANG_WARN_DOCUMENTATION_COMMENTS = YES;
				CLANG_WARN_EMPTY_BODY = YES;
				CLANG_WARN_ENUM_CONVERSION = YES;
				CLANG_WARN_INFINITE_RECURSION = YES;
				CLANG_WARN_INT_CONVERSION = YES;
				CLANG_WARN_NON_LITERAL_NULL_CONVERSION = YES;
				CLANG_WARN_OBJC_IMPLICIT_RETAIN_SELF = YES;
				CLANG_WARN_OBJC_LITERAL_CONVERSION = YES;
				CLANG_WARN_OBJC_ROOT_CLASS = YES_ERROR;
				CLANG_WARN_QUOTED_INCLUDE_IN_FRAMEWORK_HEADER = YES;
				CLANG_WARN_RANGE_LOOP_ANALYSIS = YES;
				CLANG_WARN_STRICT_PROTOTYPES = YES;
				CLANG_WARN_SUSPICIOUS_MOVE = YES;
				CLANG_WARN_UNGUARDED_AVAILABILITY = YES_AGGRESSIVE;
				CLANG_WARN_UNREACHABLE_CODE = YES;
				CLANG_WARN__DUPLICATE_METHOD_MATCH = YES;
				COPY_PHASE_STRIP = NO;
				DEBUG_INFORMATION_FORMAT = dwarf;
				ENABLE_STRICT_OBJC_MSGSEND = YES;
				ENABLE_TESTABILITY = YES;
				ENABLE_USER_SCRIPT_SANDBOXING = YES;
				GCC_C_LANGUAGE_STANDARD = gnu17;
				GCC_DYNAMIC_NO_PIC = NO;
				GCC_NO_COMMON_BLOCKS = YES;
				GCC_OPTIMIZATION_LEVEL = 0;
				GCC_PREPROCESSOR_DEFINITIONS = (
					"DEBUG=1",
					"$(inherited)",
				);
				GCC_WARN_64_TO_32_BIT_CONVERSION = YES;
				GCC_WARN_ABOUT_RETURN_TYPE = YES_ERROR;
				GCC_WARN_UNDECLARED_SELECTOR = YES;
				GCC_WARN_UNINITIALIZED_AUTOS = YES_AGGRESSIVE;
				GCC_WARN_UNUSED_FUNCTION = YES;
				GCC_WARN_UNUSED_VARIABLE = YES;
				IPHONEOS_DEPLOYMENT_TARGET = 18.2;
				LOCALIZATION_PREFERS_STRING_CATALOGS = YES;
				MTL_ENABLE_DEBUG_INFO = INCLUDE_SOURCE;
				MTL_FAST_MATH = YES;
				ONLY_ACTIVE_ARCH = YES;
				SDKROOT = iphoneos;
				SWIFT_ACTIVE_COMPILATION_CONDITIONS = "DEBUG $(inherited)";
				SWIFT_OPTIMIZATION_LEVEL = "-Onone";
			};
			name = Debug;
		};
		25E78BB12D1BE343002FAD8C /* Release */ = {
			isa = XCBuildConfiguration;
			buildSettings = {
				ALWAYS_SEARCH_USER_PATHS = NO;
				ASSETCATALOG_COMPILER_GENERATE_SWIFT_ASSET_SYMBOL_EXTENSIONS = YES;
				CLANG_ANALYZER_NONNULL = YES;
				CLANG_ANALYZER_NUMBER_OBJECT_CONVERSION = YES_AGGRESSIVE;
				CLANG_CXX_LANGUAGE_STANDARD = "gnu++20";
				CLANG_ENABLE_MODULES = YES;
				CLANG_ENABLE_OBJC_ARC = YES;
				CLANG_ENABLE_OBJC_WEAK = YES;
				CLANG_WARN_BLOCK_CAPTURE_AUTORELEASING = YES;
				CLANG_WARN_BOOL_CONVERSION = YES;
				CLANG_WARN_COMMA = YES;
				CLANG_WARN_CONSTANT_CONVERSION = YES;
				CLANG_WARN_DEPRECATED_OBJC_IMPLEMENTATIONS = YES;
				CLANG_WARN_DIRECT_OBJC_ISA_USAGE = YES_ERROR;
				CLANG_WARN_DOCUMENTATION_COMMENTS = YES;
				CLANG_WARN_EMPTY_BODY = YES;
				CLANG_WARN_ENUM_CONVERSION = YES;
				CLANG_WARN_INFINITE_RECURSION = YES;
				CLANG_WARN_INT_CONVERSION = YES;
				CLANG_WARN_NON_LITERAL_NULL_CONVERSION = YES;
				CLANG_WARN_OBJC_IMPLICIT_RETAIN_SELF = YES;
				CLANG_WARN_OBJC_LITERAL_CONVERSION = YES;
				CLANG_WARN_OBJC_ROOT_CLASS = YES_ERROR;
				CLANG_WARN_QUOTED_INCLUDE_IN_FRAMEWORK_HEADER = YES;
				CLANG_WARN_RANGE_LOOP_ANALYSIS = YES;
				CLANG_WARN_STRICT_PROTOTYPES = YES;
				CLANG_WARN_SUSPICIOUS_MOVE = YES;
				CLANG_WARN_UNGUARDED_AVAILABILITY = YES_AGGRESSIVE;
				CLANG_WARN_UNREACHABLE_CODE = YES;
				CLANG_WARN__DUPLICATE_METHOD_MATCH = YES;
				COPY_PHASE_STRIP = NO;
				DEBUG_INFORMATION_FORMAT = "dwarf-with-dsym";
				ENABLE_NS_ASSERTIONS = NO;
				ENABLE_STRICT_OBJC_MSGSEND = YES;
				ENABLE_USER_SCRIPT_SANDBOXING = YES;
				GCC_C_LANGUAGE_STANDARD = gnu17;
				GCC_NO_COMMON_BLOCKS = YES;
				GCC_WARN_64_TO_32_BIT_CONVERSION = YES;
				GCC_WARN_ABOUT_RETURN_TYPE = YES_ERROR;
				GCC_WARN_UNDECLARED_SELECTOR = YES;
				GCC_WARN_UNINITIALIZED_AUTOS = YES_AGGRESSIVE;
				GCC_WARN_UNUSED_FUNCTION = YES;
				GCC_WARN_UNUSED_VARIABLE = YES;
				IPHONEOS_DEPLOYMENT_TARGET = 18.2;
				LOCALIZATION_PREFERS_STRING_CATALOGS = YES;
				MTL_ENABLE_DEBUG_INFO = NO;
				MTL_FAST_MATH = YES;
				SDKROOT = iphoneos;
				SWIFT_COMPILATION_MODE = wholemodule;
				VALIDATE_PRODUCT = YES;
			};
			name = Release;
		};
		25E78BB32D1BE343002FAD8C /* Debug */ = {
			isa = XCBuildConfiguration;
			baseConfigurationReference = 4A3DB47A9B47D8D3EF7F3F18 /* Pods-Polynal.debug.xcconfig */;
			buildSettings = {
				ASSETCATALOG_COMPILER_APPICON_NAME = AppIcon;
				ASSETCATALOG_COMPILER_GLOBAL_ACCENT_COLOR_NAME = AccentColor;
				CODE_SIGN_STYLE = Automatic;
				CURRENT_PROJECT_VERSION = 1;
				DEVELOPMENT_ASSET_PATHS = "\"Polynal/Preview Content\"";
				DEVELOPMENT_TEAM = NMWV3W265W;
				ENABLE_PREVIEWS = YES;
				ENABLE_USER_SCRIPT_SANDBOXING = NO;
				GENERATE_INFOPLIST_FILE = YES;
				INFOPLIST_KEY_UIApplicationSceneManifest_Generation = YES;
				INFOPLIST_KEY_UIApplicationSupportsIndirectInputEvents = YES;
				INFOPLIST_KEY_UILaunchScreen_Generation = YES;
				INFOPLIST_KEY_UISupportedInterfaceOrientations_iPad = "UIInterfaceOrientationPortrait UIInterfaceOrientationPortraitUpsideDown UIInterfaceOrientationLandscapeLeft UIInterfaceOrientationLandscapeRight";
				INFOPLIST_KEY_UISupportedInterfaceOrientations_iPhone = "UIInterfaceOrientationPortrait UIInterfaceOrientationLandscapeLeft UIInterfaceOrientationLandscapeRight";
				LD_RUNPATH_SEARCH_PATHS = (
					"$(inherited)",
					"@executable_path/Frameworks",
				);
				MARKETING_VERSION = 1.0;
				PRODUCT_BUNDLE_IDENTIFIER = com.jukiya.Polynal;
				PRODUCT_NAME = "$(TARGET_NAME)";
				SWIFT_EMIT_LOC_STRINGS = YES;
				SWIFT_VERSION = 5.0;
				TARGETED_DEVICE_FAMILY = "1,2";
			};
			name = Debug;
		};
		25E78BB42D1BE343002FAD8C /* Release */ = {
			isa = XCBuildConfiguration;
			baseConfigurationReference = FF22080C14CE68F8C7EC0783 /* Pods-Polynal.release.xcconfig */;
			buildSettings = {
				ASSETCATALOG_COMPILER_APPICON_NAME = AppIcon;
				ASSETCATALOG_COMPILER_GLOBAL_ACCENT_COLOR_NAME = AccentColor;
				CODE_SIGN_STYLE = Automatic;
				CURRENT_PROJECT_VERSION = 1;
				DEVELOPMENT_ASSET_PATHS = "\"Polynal/Preview Content\"";
				DEVELOPMENT_TEAM = NMWV3W265W;
				ENABLE_PREVIEWS = YES;
				ENABLE_USER_SCRIPT_SANDBOXING = NO;
				GENERATE_INFOPLIST_FILE = YES;
				INFOPLIST_KEY_UIApplicationSceneManifest_Generation = YES;
				INFOPLIST_KEY_UIApplicationSupportsIndirectInputEvents = YES;
				INFOPLIST_KEY_UILaunchScreen_Generation = YES;
				INFOPLIST_KEY_UISupportedInterfaceOrientations_iPad = "UIInterfaceOrientationPortrait UIInterfaceOrientationPortraitUpsideDown UIInterfaceOrientationLandscapeLeft UIInterfaceOrientationLandscapeRight";
				INFOPLIST_KEY_UISupportedInterfaceOrientations_iPhone = "UIInterfaceOrientationPortrait UIInterfaceOrientationLandscapeLeft UIInterfaceOrientationLandscapeRight";
				LD_RUNPATH_SEARCH_PATHS = (
					"$(inherited)",
					"@executable_path/Frameworks",
				);
				MARKETING_VERSION = 1.0;
				PRODUCT_BUNDLE_IDENTIFIER = com.jukiya.Polynal;
				PRODUCT_NAME = "$(TARGET_NAME)";
				SWIFT_EMIT_LOC_STRINGS = YES;
				SWIFT_VERSION = 5.0;
				TARGETED_DEVICE_FAMILY = "1,2";
			};
			name = Release;
		};
		25E78BB62D1BE343002FAD8C /* Debug */ = {
			isa = XCBuildConfiguration;
			baseConfigurationReference = 3A88B0C353745DBE9081149A /* Pods-PolynalTests.debug.xcconfig */;
			buildSettings = {
				BUNDLE_LOADER = "$(TEST_HOST)";
				CODE_SIGN_STYLE = Automatic;
				CURRENT_PROJECT_VERSION = 1;
				DEVELOPMENT_TEAM = NMWV3W265W;
				GENERATE_INFOPLIST_FILE = YES;
				IPHONEOS_DEPLOYMENT_TARGET = 18.2;
				MARKETING_VERSION = 1.0;
				PRODUCT_BUNDLE_IDENTIFIER = com.jukiya.PolynalTests;
				PRODUCT_NAME = "$(TARGET_NAME)";
				SWIFT_EMIT_LOC_STRINGS = NO;
				SWIFT_VERSION = 5.0;
				TARGETED_DEVICE_FAMILY = "1,2";
				TEST_HOST = "$(BUILT_PRODUCTS_DIR)/Polynal.app/$(BUNDLE_EXECUTABLE_FOLDER_PATH)/Polynal";
			};
			name = Debug;
		};
		25E78BB72D1BE343002FAD8C /* Release */ = {
			isa = XCBuildConfiguration;
			baseConfigurationReference = 2191996FED5F85BD74F02CC1 /* Pods-PolynalTests.release.xcconfig */;
			buildSettings = {
				BUNDLE_LOADER = "$(TEST_HOST)";
				CODE_SIGN_STYLE = Automatic;
				CURRENT_PROJECT_VERSION = 1;
				DEVELOPMENT_TEAM = NMWV3W265W;
				GENERATE_INFOPLIST_FILE = YES;
				IPHONEOS_DEPLOYMENT_TARGET = 18.2;
				MARKETING_VERSION = 1.0;
				PRODUCT_BUNDLE_IDENTIFIER = com.jukiya.PolynalTests;
				PRODUCT_NAME = "$(TARGET_NAME)";
				SWIFT_EMIT_LOC_STRINGS = NO;
				SWIFT_VERSION = 5.0;
				TARGETED_DEVICE_FAMILY = "1,2";
				TEST_HOST = "$(BUILT_PRODUCTS_DIR)/Polynal.app/$(BUNDLE_EXECUTABLE_FOLDER_PATH)/Polynal";
			};
			name = Release;
		};
		25E78BB92D1BE343002FAD8C /* Debug */ = {
			isa = XCBuildConfiguration;
			baseConfigurationReference = 719496646E1912A56B180E01 /* Pods-Polynal-PolynalUITests.debug.xcconfig */;
			buildSettings = {
				CODE_SIGN_STYLE = Automatic;
				CURRENT_PROJECT_VERSION = 1;
				DEVELOPMENT_TEAM = NMWV3W265W;
				GENERATE_INFOPLIST_FILE = YES;
				MARKETING_VERSION = 1.0;
				PRODUCT_BUNDLE_IDENTIFIER = com.jukiya.PolynalUITests;
				PRODUCT_NAME = "$(TARGET_NAME)";
				SWIFT_EMIT_LOC_STRINGS = NO;
				SWIFT_VERSION = 5.0;
				TARGETED_DEVICE_FAMILY = "1,2";
				TEST_TARGET_NAME = Polynal;
			};
			name = Debug;
		};
		25E78BBA2D1BE343002FAD8C /* Release */ = {
			isa = XCBuildConfiguration;
			baseConfigurationReference = 0D031D8EC5A46A61C31D9927 /* Pods-Polynal-PolynalUITests.release.xcconfig */;
			buildSettings = {
				CODE_SIGN_STYLE = Automatic;
				CURRENT_PROJECT_VERSION = 1;
				DEVELOPMENT_TEAM = NMWV3W265W;
				GENERATE_INFOPLIST_FILE = YES;
				MARKETING_VERSION = 1.0;
				PRODUCT_BUNDLE_IDENTIFIER = com.jukiya.PolynalUITests;
				PRODUCT_NAME = "$(TARGET_NAME)";
				SWIFT_EMIT_LOC_STRINGS = NO;
				SWIFT_VERSION = 5.0;
				TARGETED_DEVICE_FAMILY = "1,2";
				TEST_TARGET_NAME = Polynal;
			};
			name = Release;
		};
/* End XCBuildConfiguration section */

/* Begin XCConfigurationList section */
		25E78B892D1BE342002FAD8C /* Build configuration list for PBXProject "Polynal" */ = {
			isa = XCConfigurationList;
			buildConfigurations = (
				25E78BB02D1BE343002FAD8C /* Debug */,
				25E78BB12D1BE343002FAD8C /* Release */,
			);
			defaultConfigurationIsVisible = 0;
			defaultConfigurationName = Release;
		};
		25E78BB22D1BE343002FAD8C /* Build configuration list for PBXNativeTarget "Polynal" */ = {
			isa = XCConfigurationList;
			buildConfigurations = (
				25E78BB32D1BE343002FAD8C /* Debug */,
				25E78BB42D1BE343002FAD8C /* Release */,
			);
			defaultConfigurationIsVisible = 0;
			defaultConfigurationName = Release;
		};
		25E78BB52D1BE343002FAD8C /* Build configuration list for PBXNativeTarget "PolynalTests" */ = {
			isa = XCConfigurationList;
			buildConfigurations = (
				25E78BB62D1BE343002FAD8C /* Debug */,
				25E78BB72D1BE343002FAD8C /* Release */,
			);
			defaultConfigurationIsVisible = 0;
			defaultConfigurationName = Release;
		};
		25E78BB82D1BE343002FAD8C /* Build configuration list for PBXNativeTarget "PolynalUITests" */ = {
			isa = XCConfigurationList;
			buildConfigurations = (
				25E78BB92D1BE343002FAD8C /* Debug */,
				25E78BBA2D1BE343002FAD8C /* Release */,
			);
			defaultConfigurationIsVisible = 0;
			defaultConfigurationName = Release;
		};
/* End XCConfigurationList section */
	};
	rootObject = 25E78B862D1BE342002FAD8C /* Project object */;
}
